// !$*UTF8*$!
{
	archiveVersion = 1;
	classes = {
	};
	objectVersion = 46;
	objects = {

/* Begin PBXBuildFile section */
		87ABE3F9579F1991D383F17A /* libPods.a in Frameworks */ = {isa = PBXBuildFile; fileRef = A7C9D9BDA7C740F3E152B0CE /* libPods.a */; };
		C211803D1CF304290099782B /* main.m in Sources */ = {isa = PBXBuildFile; fileRef = C211803C1CF304290099782B /* main.m */; };
		C21180461CF304290099782B /* Main.storyboard in Resources */ = {isa = PBXBuildFile; fileRef = C21180441CF304290099782B /* Main.storyboard */; };
		C21180481CF304290099782B /* Assets.xcassets in Resources */ = {isa = PBXBuildFile; fileRef = C21180471CF304290099782B /* Assets.xcassets */; };
		C211804B1CF304290099782B /* LaunchScreen.storyboard in Resources */ = {isa = PBXBuildFile; fileRef = C21180491CF304290099782B /* LaunchScreen.storyboard */; };
		C21180661CF304F40099782B /* AppDelegate.m in Sources */ = {isa = PBXBuildFile; fileRef = C211805E1CF304F40099782B /* AppDelegate.m */; };
		C211806D1CF307720099782B /* RootViewController.m in Sources */ = {isa = PBXBuildFile; fileRef = C211806C1CF307720099782B /* RootViewController.m */; };
		C21180711CF31BBC0099782B /* UIView+XMGExtension.m in Sources */ = {isa = PBXBuildFile; fileRef = C21180701CF31BBC0099782B /* UIView+XMGExtension.m */; };
		C21180741CF31C170099782B /* CustomTabBar.m in Sources */ = {isa = PBXBuildFile; fileRef = C21180731CF31C170099782B /* CustomTabBar.m */; };
		C21180871CF3238F0099782B /* HomeListViewController.m in Sources */ = {isa = PBXBuildFile; fileRef = C21180861CF3238F0099782B /* HomeListViewController.m */; };
		C211808A1CF323A20099782B /* FriendsListViewController.m in Sources */ = {isa = PBXBuildFile; fileRef = C21180891CF323A20099782B /* FriendsListViewController.m */; };
		C211808D1CF323AF0099782B /* ToolListViewController.m in Sources */ = {isa = PBXBuildFile; fileRef = C211808C1CF323AF0099782B /* ToolListViewController.m */; };
		C21180901CF323B90099782B /* MeListViewController.m in Sources */ = {isa = PBXBuildFile; fileRef = C211808F1CF323B90099782B /* MeListViewController.m */; };
		C2B16C071CF3F00D00FCE523 /* dada.jpg in Resources */ = {isa = PBXBuildFile; fileRef = C2B16C061CF3F00D00FCE523 /* dada.jpg */; };
		C2B16C091CF3FDB000FCE523 /* 3.png in Resources */ = {isa = PBXBuildFile; fileRef = C2B16C081CF3FDB000FCE523 /* 3.png */; };
/* End PBXBuildFile section */

/* Begin PBXFileReference section */
		2CD58D9DCC04F0A139AF130E /* Pods.debug.xcconfig */ = {isa = PBXFileReference; includeInIndex = 1; lastKnownFileType = text.xcconfig; name = Pods.debug.xcconfig; path = "Pods/Target Support Files/Pods/Pods.debug.xcconfig"; sourceTree = "<group>"; };
		A7C9D9BDA7C740F3E152B0CE /* libPods.a */ = {isa = PBXFileReference; explicitFileType = archive.ar; includeInIndex = 0; path = libPods.a; sourceTree = BUILT_PRODUCTS_DIR; };
		C21180381CF304290099782B /* GD_GoodMom.app */ = {isa = PBXFileReference; explicitFileType = wrapper.application; includeInIndex = 0; path = GD_GoodMom.app; sourceTree = BUILT_PRODUCTS_DIR; };
		C211803C1CF304290099782B /* main.m */ = {isa = PBXFileReference; lastKnownFileType = sourcecode.c.objc; path = main.m; sourceTree = "<group>"; };
		C21180451CF304290099782B /* Base */ = {isa = PBXFileReference; lastKnownFileType = file.storyboard; name = Base; path = Base.lproj/Main.storyboard; sourceTree = "<group>"; };
		C21180471CF304290099782B /* Assets.xcassets */ = {isa = PBXFileReference; lastKnownFileType = folder.assetcatalog; path = Assets.xcassets; sourceTree = "<group>"; };
		C211804A1CF304290099782B /* Base */ = {isa = PBXFileReference; lastKnownFileType = file.storyboard; name = Base; path = Base.lproj/LaunchScreen.storyboard; sourceTree = "<group>"; };
		C211804C1CF304290099782B /* Info.plist */ = {isa = PBXFileReference; lastKnownFileType = text.plist.xml; path = Info.plist; sourceTree = "<group>"; };
		C211805D1CF304F40099782B /* AppDelegate.h */ = {isa = PBXFileReference; fileEncoding = 4; lastKnownFileType = sourcecode.c.h; path = AppDelegate.h; sourceTree = "<group>"; };
		C211805E1CF304F40099782B /* AppDelegate.m */ = {isa = PBXFileReference; fileEncoding = 4; lastKnownFileType = sourcecode.c.objc; path = AppDelegate.m; sourceTree = "<group>"; };
		C211806B1CF307720099782B /* RootViewController.h */ = {isa = PBXFileReference; fileEncoding = 4; lastKnownFileType = sourcecode.c.h; path = RootViewController.h; sourceTree = "<group>"; };
		C211806C1CF307720099782B /* RootViewController.m */ = {isa = PBXFileReference; fileEncoding = 4; lastKnownFileType = sourcecode.c.objc; path = RootViewController.m; sourceTree = "<group>"; };
		C211806F1CF31BBC0099782B /* UIView+XMGExtension.h */ = {isa = PBXFileReference; fileEncoding = 4; lastKnownFileType = sourcecode.c.h; path = "UIView+XMGExtension.h"; sourceTree = "<group>"; };
		C21180701CF31BBC0099782B /* UIView+XMGExtension.m */ = {isa = PBXFileReference; fileEncoding = 4; lastKnownFileType = sourcecode.c.objc; path = "UIView+XMGExtension.m"; sourceTree = "<group>"; };
		C21180721CF31C170099782B /* CustomTabBar.h */ = {isa = PBXFileReference; fileEncoding = 4; lastKnownFileType = sourcecode.c.h; path = CustomTabBar.h; sourceTree = "<group>"; };
		C21180731CF31C170099782B /* CustomTabBar.m */ = {isa = PBXFileReference; fileEncoding = 4; lastKnownFileType = sourcecode.c.objc; path = CustomTabBar.m; sourceTree = "<group>"; };
		C21180851CF3238F0099782B /* HomeListViewController.h */ = {isa = PBXFileReference; fileEncoding = 4; lastKnownFileType = sourcecode.c.h; path = HomeListViewController.h; sourceTree = "<group>"; };
		C21180861CF3238F0099782B /* HomeListViewController.m */ = {isa = PBXFileReference; fileEncoding = 4; lastKnownFileType = sourcecode.c.objc; path = HomeListViewController.m; sourceTree = "<group>"; };
		C21180881CF323A20099782B /* FriendsListViewController.h */ = {isa = PBXFileReference; fileEncoding = 4; lastKnownFileType = sourcecode.c.h; path = FriendsListViewController.h; sourceTree = "<group>"; };
		C21180891CF323A20099782B /* FriendsListViewController.m */ = {isa = PBXFileReference; fileEncoding = 4; lastKnownFileType = sourcecode.c.objc; path = FriendsListViewController.m; sourceTree = "<group>"; };
		C211808B1CF323AF0099782B /* ToolListViewController.h */ = {isa = PBXFileReference; fileEncoding = 4; lastKnownFileType = sourcecode.c.h; path = ToolListViewController.h; sourceTree = "<group>"; };
		C211808C1CF323AF0099782B /* ToolListViewController.m */ = {isa = PBXFileReference; fileEncoding = 4; lastKnownFileType = sourcecode.c.objc; path = ToolListViewController.m; sourceTree = "<group>"; };
		C211808E1CF323B90099782B /* MeListViewController.h */ = {isa = PBXFileReference; fileEncoding = 4; lastKnownFileType = sourcecode.c.h; path = MeListViewController.h; sourceTree = "<group>"; };
		C211808F1CF323B90099782B /* MeListViewController.m */ = {isa = PBXFileReference; fileEncoding = 4; lastKnownFileType = sourcecode.c.objc; path = MeListViewController.m; sourceTree = "<group>"; };
		C21180911CF323DD0099782B /* MyHeader.pch */ = {isa = PBXFileReference; lastKnownFileType = sourcecode.c.h; path = MyHeader.pch; sourceTree = "<group>"; };
		C2B16C061CF3F00D00FCE523 /* dada.jpg */ = {isa = PBXFileReference; lastKnownFileType = image.jpeg; path = dada.jpg; sourceTree = "<group>"; };
		C2B16C081CF3FDB000FCE523 /* 3.png */ = {isa = PBXFileReference; lastKnownFileType = image.png; path = 3.png; sourceTree = "<group>"; };
		F29BC50FA2E1D1882D817085 /* Pods.release.xcconfig */ = {isa = PBXFileReference; includeInIndex = 1; lastKnownFileType = text.xcconfig; name = Pods.release.xcconfig; path = "Pods/Target Support Files/Pods/Pods.release.xcconfig"; sourceTree = "<group>"; };
/* End PBXFileReference section */

/* Begin PBXFrameworksBuildPhase section */
		C21180351CF304290099782B /* Frameworks */ = {
			isa = PBXFrameworksBuildPhase;
			buildActionMask = 2147483647;
			files = (
				87ABE3F9579F1991D383F17A /* libPods.a in Frameworks */,
			);
			runOnlyForDeploymentPostprocessing = 0;
		};
/* End PBXFrameworksBuildPhase section */

/* Begin PBXGroup section */
		818BD585F9B1A64C7C755D79 /* Frameworks */ = {
			isa = PBXGroup;
			children = (
				A7C9D9BDA7C740F3E152B0CE /* libPods.a */,
			);
			name = Frameworks;
			sourceTree = "<group>";
		};
		C211802F1CF304290099782B = {
			isa = PBXGroup;
			children = (
				C211803A1CF304290099782B /* GD_GoodMom */,
				C21180391CF304290099782B /* Products */,
				CFF97D6AABB134BBBDF365DA /* Pods */,
				818BD585F9B1A64C7C755D79 /* Frameworks */,
			);
			sourceTree = "<group>";
		};
		C21180391CF304290099782B /* Products */ = {
			isa = PBXGroup;
			children = (
				C21180381CF304290099782B /* GD_GoodMom.app */,
			);
			name = Products;
			sourceTree = "<group>";
		};
		C211803A1CF304290099782B /* GD_GoodMom */ = {
			isa = PBXGroup;
			children = (
				C211805B1CF304F40099782B /* classes */,
				C21180441CF304290099782B /* Main.storyboard */,
				C21180471CF304290099782B /* Assets.xcassets */,
				C21180491CF304290099782B /* LaunchScreen.storyboard */,
				C211804C1CF304290099782B /* Info.plist */,
				C211803B1CF304290099782B /* Supporting Files */,
			);
			path = GD_GoodMom;
			sourceTree = "<group>";
		};
		C211803B1CF304290099782B /* Supporting Files */ = {
			isa = PBXGroup;
			children = (
				C211803C1CF304290099782B /* main.m */,
			);
			name = "Supporting Files";
			sourceTree = "<group>";
		};
		C211805B1CF304F40099782B /* classes */ = {
			isa = PBXGroup;
			children = (
				C211805C1CF304F40099782B /* Appdelegate */,
				C211805F1CF304F40099782B /* General */,
				C21180601CF304F40099782B /* Helpers */,
				C21180611CF304F40099782B /* Macro */,
				C21180621CF304F40099782B /* Models */,
				C21180631CF304F40099782B /* Resources */,
				C21180641CF304F40099782B /* Scenes */,
				C21180651CF304F40099782B /* Vendors */,
			);
			path = classes;
			sourceTree = "<group>";
		};
		C211805C1CF304F40099782B /* Appdelegate */ = {
			isa = PBXGroup;
			children = (
				C211805D1CF304F40099782B /* AppDelegate.h */,
				C211805E1CF304F40099782B /* AppDelegate.m */,
			);
			path = Appdelegate;
			sourceTree = "<group>";
		};
		C211805F1CF304F40099782B /* General */ = {
			isa = PBXGroup;
			children = (
				C211806E1CF31BAE0099782B /* Category */,
			);
			path = General;
			sourceTree = "<group>";
		};
		C21180601CF304F40099782B /* Helpers */ = {
			isa = PBXGroup;
			children = (
				C21180911CF323DD0099782B /* MyHeader.pch */,
			);
			path = Helpers;
			sourceTree = "<group>";
		};
		C21180611CF304F40099782B /* Macro */ = {
			isa = PBXGroup;
			children = (
			);
			path = Macro;
			sourceTree = "<group>";
		};
		C21180621CF304F40099782B /* Models */ = {
			isa = PBXGroup;
			children = (
			);
			path = Models;
			sourceTree = "<group>";
		};
		C21180631CF304F40099782B /* Resources */ = {
			isa = PBXGroup;
			children = (
				C2B16C081CF3FDB000FCE523 /* 3.png */,
				C2B16C061CF3F00D00FCE523 /* dada.jpg */,
			);
			path = Resources;
			sourceTree = "<group>";
		};
		C21180641CF304F40099782B /* Scenes */ = {
			isa = PBXGroup;
			children = (
				C21180671CF306470099782B /* RootList */,
				C21180791CF323130099782B /* HomeList */,
				C21180751CF323130099782B /* FriendsList */,
				C21180811CF3231C0099782B /* ToolList */,
				C211807D1CF323130099782B /* MeList */,
			);
			path = Scenes;
			sourceTree = "<group>";
		};
		C21180651CF304F40099782B /* Vendors */ = {
			isa = PBXGroup;
			children = (
			);
			path = Vendors;
			sourceTree = "<group>";
		};
		C21180671CF306470099782B /* RootList */ = {
			isa = PBXGroup;
			children = (
				C21180681CF306470099782B /* Controllers */,
				C21180691CF306470099782B /* Models */,
				C211806A1CF306470099782B /* Views */,
			);
			path = RootList;
			sourceTree = "<group>";
		};
		C21180681CF306470099782B /* Controllers */ = {
			isa = PBXGroup;
			children = (
				C211806B1CF307720099782B /* RootViewController.h */,
				C211806C1CF307720099782B /* RootViewController.m */,
			);
			path = Controllers;
			sourceTree = "<group>";
		};
		C21180691CF306470099782B /* Models */ = {
			isa = PBXGroup;
			children = (
			);
			path = Models;
			sourceTree = "<group>";
		};
		C211806A1CF306470099782B /* Views */ = {
			isa = PBXGroup;
			children = (
				C21180721CF31C170099782B /* CustomTabBar.h */,
				C21180731CF31C170099782B /* CustomTabBar.m */,
			);
			path = Views;
			sourceTree = "<group>";
		};
		C211806E1CF31BAE0099782B /* Category */ = {
			isa = PBXGroup;
			children = (
				C211806F1CF31BBC0099782B /* UIView+XMGExtension.h */,
				C21180701CF31BBC0099782B /* UIView+XMGExtension.m */,
			);
			name = Category;
			sourceTree = "<group>";
		};
		C21180751CF323130099782B /* FriendsList */ = {
			isa = PBXGroup;
			children = (
				C21180761CF323130099782B /* Controllers */,
				C21180771CF323130099782B /* Models */,
				C21180781CF323130099782B /* Views */,
			);
			path = FriendsList;
			sourceTree = "<group>";
		};
		C21180761CF323130099782B /* Controllers */ = {
			isa = PBXGroup;
			children = (
				C21180881CF323A20099782B /* FriendsListViewController.h */,
				C21180891CF323A20099782B /* FriendsListViewController.m */,
			);
			path = Controllers;
			sourceTree = "<group>";
		};
		C21180771CF323130099782B /* Models */ = {
			isa = PBXGroup;
			children = (
			);
			path = Models;
			sourceTree = "<group>";
		};
		C21180781CF323130099782B /* Views */ = {
			isa = PBXGroup;
			children = (
			);
			path = Views;
			sourceTree = "<group>";
		};
		C21180791CF323130099782B /* HomeList */ = {
			isa = PBXGroup;
			children = (
				C211807A1CF323130099782B /* Controllers */,
				C211807B1CF323130099782B /* Models */,
				C211807C1CF323130099782B /* Views */,
			);
			path = HomeList;
			sourceTree = "<group>";
		};
		C211807A1CF323130099782B /* Controllers */ = {
			isa = PBXGroup;
			children = (
				C21180851CF3238F0099782B /* HomeListViewController.h */,
				C21180861CF3238F0099782B /* HomeListViewController.m */,
			);
			path = Controllers;
			sourceTree = "<group>";
		};
		C211807B1CF323130099782B /* Models */ = {
			isa = PBXGroup;
			children = (
			);
			path = Models;
			sourceTree = "<group>";
		};
		C211807C1CF323130099782B /* Views */ = {
			isa = PBXGroup;
			children = (
			);
			path = Views;
			sourceTree = "<group>";
		};
		C211807D1CF323130099782B /* MeList */ = {
			isa = PBXGroup;
			children = (
				C211807E1CF323130099782B /* Controllers */,
				C211807F1CF323130099782B /* Models */,
				C21180801CF323130099782B /* Views */,
			);
			path = MeList;
			sourceTree = "<group>";
		};
		C211807E1CF323130099782B /* Controllers */ = {
			isa = PBXGroup;
			children = (
				C211808E1CF323B90099782B /* MeListViewController.h */,
				C211808F1CF323B90099782B /* MeListViewController.m */,
			);
			path = Controllers;
			sourceTree = "<group>";
		};
		C211807F1CF323130099782B /* Models */ = {
			isa = PBXGroup;
			children = (
			);
			path = Models;
			sourceTree = "<group>";
		};
		C21180801CF323130099782B /* Views */ = {
			isa = PBXGroup;
			children = (
			);
			path = Views;
			sourceTree = "<group>";
		};
		C21180811CF3231C0099782B /* ToolList */ = {
			isa = PBXGroup;
			children = (
				C21180821CF3231C0099782B /* Controllers */,
				C21180831CF3231C0099782B /* Models */,
				C21180841CF3231C0099782B /* Views */,
			);
			path = ToolList;
			sourceTree = "<group>";
		};
		C21180821CF3231C0099782B /* Controllers */ = {
			isa = PBXGroup;
			children = (
				C211808B1CF323AF0099782B /* ToolListViewController.h */,
				C211808C1CF323AF0099782B /* ToolListViewController.m */,
			);
			path = Controllers;
			sourceTree = "<group>";
		};
		C21180831CF3231C0099782B /* Models */ = {
			isa = PBXGroup;
			children = (
			);
			path = Models;
			sourceTree = "<group>";
		};
		C21180841CF3231C0099782B /* Views */ = {
			isa = PBXGroup;
			children = (
			);
			path = Views;
			sourceTree = "<group>";
		};
		CFF97D6AABB134BBBDF365DA /* Pods */ = {
			isa = PBXGroup;
			children = (
				2CD58D9DCC04F0A139AF130E /* Pods.debug.xcconfig */,
				F29BC50FA2E1D1882D817085 /* Pods.release.xcconfig */,
			);
			name = Pods;
			sourceTree = "<group>";
		};
/* End PBXGroup section */

/* Begin PBXNativeTarget section */
		C21180371CF304290099782B /* GD_GoodMom */ = {
			isa = PBXNativeTarget;
			buildConfigurationList = C211804F1CF304290099782B /* Build configuration list for PBXNativeTarget "GD_GoodMom" */;
			buildPhases = (
				66E48505D7F3E0D1F46B5DCD /* Check Pods Manifest.lock */,
				C21180341CF304290099782B /* Sources */,
				C21180351CF304290099782B /* Frameworks */,
				C21180361CF304290099782B /* Resources */,
				59EE79FAB62CEB396593F2B4 /* Embed Pods Frameworks */,
				614E750091B3E1BF38628C8A /* Copy Pods Resources */,
			);
			buildRules = (
			);
			dependencies = (
			);
			name = GD_GoodMom;
			productName = GD_GoodMom;
			productReference = C21180381CF304290099782B /* GD_GoodMom.app */;
			productType = "com.apple.product-type.application";
		};
/* End PBXNativeTarget section */

/* Begin PBXProject section */
		C21180301CF304290099782B /* Project object */ = {
			isa = PBXProject;
			attributes = {
				LastUpgradeCheck = 0730;
				ORGANIZATIONNAME = "温哲";
				TargetAttributes = {
					C21180371CF304290099782B = {
						CreatedOnToolsVersion = 7.3;
					};
				};
			};
			buildConfigurationList = C21180331CF304290099782B /* Build configuration list for PBXProject "GD_GoodMom" */;
			compatibilityVersion = "Xcode 3.2";
			developmentRegion = English;
			hasScannedForEncodings = 0;
			knownRegions = (
				en,
				Base,
			);
			mainGroup = C211802F1CF304290099782B;
			productRefGroup = C21180391CF304290099782B /* Products */;
			projectDirPath = "";
			projectRoot = "";
			targets = (
				C21180371CF304290099782B /* GD_GoodMom */,
			);
		};
/* End PBXProject section */

/* Begin PBXResourcesBuildPhase section */
		C21180361CF304290099782B /* Resources */ = {
			isa = PBXResourcesBuildPhase;
			buildActionMask = 2147483647;
			files = (
				C2B16C091CF3FDB000FCE523 /* 3.png in Resources */,
				C211804B1CF304290099782B /* LaunchScreen.storyboard in Resources */,
				C2B16C071CF3F00D00FCE523 /* dada.jpg in Resources */,
				C21180481CF304290099782B /* Assets.xcassets in Resources */,
				C21180461CF304290099782B /* Main.storyboard in Resources */,
			);
			runOnlyForDeploymentPostprocessing = 0;
		};
/* End PBXResourcesBuildPhase section */

/* Begin PBXShellScriptBuildPhase section */
		59EE79FAB62CEB396593F2B4 /* Embed Pods Frameworks */ = {
			isa = PBXShellScriptBuildPhase;
			buildActionMask = 2147483647;
			files = (
			);
			inputPaths = (
			);
			name = "Embed Pods Frameworks";
			outputPaths = (
			);
			runOnlyForDeploymentPostprocessing = 0;
			shellPath = /bin/sh;
			shellScript = "\"${SRCROOT}/Pods/Target Support Files/Pods/Pods-frameworks.sh\"\n";
			showEnvVarsInLog = 0;
		};
		614E750091B3E1BF38628C8A /* Copy Pods Resources */ = {
			isa = PBXShellScriptBuildPhase;
			buildActionMask = 2147483647;
			files = (
			);
			inputPaths = (
			);
			name = "Copy Pods Resources";
			outputPaths = (
			);
			runOnlyForDeploymentPostprocessing = 0;
			shellPath = /bin/sh;
			shellScript = "\"${SRCROOT}/Pods/Target Support Files/Pods/Pods-resources.sh\"\n";
			showEnvVarsInLog = 0;
		};
		66E48505D7F3E0D1F46B5DCD /* Check Pods Manifest.lock */ = {
			isa = PBXShellScriptBuildPhase;
			buildActionMask = 2147483647;
			files = (
			);
			inputPaths = (
			);
			name = "Check Pods Manifest.lock";
			outputPaths = (
			);
			runOnlyForDeploymentPostprocessing = 0;
			shellPath = /bin/sh;
			shellScript = "diff \"${PODS_ROOT}/../Podfile.lock\" \"${PODS_ROOT}/Manifest.lock\" > /dev/null\nif [[ $? != 0 ]] ; then\n    cat << EOM\nerror: The sandbox is not in sync with the Podfile.lock. Run 'pod install' or update your CocoaPods installation.\nEOM\n    exit 1\nfi\n";
			showEnvVarsInLog = 0;
		};
/* End PBXShellScriptBuildPhase section */

/* Begin PBXSourcesBuildPhase section */
		C21180341CF304290099782B /* Sources */ = {
			isa = PBXSourcesBuildPhase;
			buildActionMask = 2147483647;
			files = (
				C21180661CF304F40099782B /* AppDelegate.m in Sources */,
				C21180871CF3238F0099782B /* HomeListViewController.m in Sources */,
				C21180711CF31BBC0099782B /* UIView+XMGExtension.m in Sources */,
				C211803D1CF304290099782B /* main.m in Sources */,
				C21180901CF323B90099782B /* MeListViewController.m in Sources */,
				C211808D1CF323AF0099782B /* ToolListViewController.m in Sources */,
				C211808A1CF323A20099782B /* FriendsListViewController.m in Sources */,
				C21180741CF31C170099782B /* CustomTabBar.m in Sources */,
				C211806D1CF307720099782B /* RootViewController.m in Sources */,
			);
			runOnlyForDeploymentPostprocessing = 0;
		};
/* End PBXSourcesBuildPhase section */

/* Begin PBXVariantGroup section */
		C21180441CF304290099782B /* Main.storyboard */ = {
			isa = PBXVariantGroup;
			children = (
				C21180451CF304290099782B /* Base */,
			);
			name = Main.storyboard;
			sourceTree = "<group>";
		};
		C21180491CF304290099782B /* LaunchScreen.storyboard */ = {
			isa = PBXVariantGroup;
			children = (
				C211804A1CF304290099782B /* Base */,
			);
			name = LaunchScreen.storyboard;
			sourceTree = "<group>";
		};
/* End PBXVariantGroup section */

/* Begin XCBuildConfiguration section */
		C211804D1CF304290099782B /* Debug */ = {
			isa = XCBuildConfiguration;
			buildSettings = {
				ALWAYS_SEARCH_USER_PATHS = NO;
				CLANG_ANALYZER_NONNULL = YES;
				CLANG_CXX_LANGUAGE_STANDARD = "gnu++0x";
				CLANG_CXX_LIBRARY = "libc++";
				CLANG_ENABLE_MODULES = YES;
				CLANG_ENABLE_OBJC_ARC = YES;
				CLANG_WARN_BOOL_CONVERSION = YES;
				CLANG_WARN_CONSTANT_CONVERSION = YES;
				CLANG_WARN_DIRECT_OBJC_ISA_USAGE = YES_ERROR;
				CLANG_WARN_EMPTY_BODY = YES;
				CLANG_WARN_ENUM_CONVERSION = YES;
				CLANG_WARN_INT_CONVERSION = YES;
				CLANG_WARN_OBJC_ROOT_CLASS = YES_ERROR;
				CLANG_WARN_UNREACHABLE_CODE = YES;
				CLANG_WARN__DUPLICATE_METHOD_MATCH = YES;
				"CODE_SIGN_IDENTITY[sdk=iphoneos*]" = "iPhone Developer";
				COPY_PHASE_STRIP = NO;
				DEBUG_INFORMATION_FORMAT = dwarf;
				ENABLE_STRICT_OBJC_MSGSEND = YES;
				ENABLE_TESTABILITY = YES;
				GCC_C_LANGUAGE_STANDARD = gnu99;
				GCC_DYNAMIC_NO_PIC = NO;
				GCC_NO_COMMON_BLOCKS = YES;
				GCC_OPTIMIZATION_LEVEL = 0;
				GCC_PREPROCESSOR_DEFINITIONS = (
					"DEBUG=1",
					"$(inherited)",
				);
				GCC_WARN_64_TO_32_BIT_CONVERSION = YES;
				GCC_WARN_ABOUT_RETURN_TYPE = YES_ERROR;
				GCC_WARN_UNDECLARED_SELECTOR = YES;
				GCC_WARN_UNINITIALIZED_AUTOS = YES_AGGRESSIVE;
				GCC_WARN_UNUSED_FUNCTION = YES;
				GCC_WARN_UNUSED_VARIABLE = YES;
				IPHONEOS_DEPLOYMENT_TARGET = 9.3;
				MTL_ENABLE_DEBUG_INFO = YES;
				ONLY_ACTIVE_ARCH = YES;
				SDKROOT = iphoneos;
				TARGETED_DEVICE_FAMILY = "1,2";
			};
			name = Debug;
		};
		C211804E1CF304290099782B /* Release */ = {
			isa = XCBuildConfiguration;
			buildSettings = {
				ALWAYS_SEARCH_USER_PATHS = NO;
				CLANG_ANALYZER_NONNULL = YES;
				CLANG_CXX_LANGUAGE_STANDARD = "gnu++0x";
				CLANG_CXX_LIBRARY = "libc++";
				CLANG_ENABLE_MODULES = YES;
				CLANG_ENABLE_OBJC_ARC = YES;
				CLANG_WARN_BOOL_CONVERSION = YES;
				CLANG_WARN_CONSTANT_CONVERSION = YES;
				CLANG_WARN_DIRECT_OBJC_ISA_USAGE = YES_ERROR;
				CLANG_WARN_EMPTY_BODY = YES;
				CLANG_WARN_ENUM_CONVERSION = YES;
				CLANG_WARN_INT_CONVERSION = YES;
				CLANG_WARN_OBJC_ROOT_CLASS = YES_ERROR;
				CLANG_WARN_UNREACHABLE_CODE = YES;
				CLANG_WARN__DUPLICATE_METHOD_MATCH = YES;
				"CODE_SIGN_IDENTITY[sdk=iphoneos*]" = "iPhone Developer";
				COPY_PHASE_STRIP = NO;
				DEBUG_INFORMATION_FORMAT = "dwarf-with-dsym";
				ENABLE_NS_ASSERTIONS = NO;
				ENABLE_STRICT_OBJC_MSGSEND = YES;
				GCC_C_LANGUAGE_STANDARD = gnu99;
				GCC_NO_COMMON_BLOCKS = YES;
				GCC_WARN_64_TO_32_BIT_CONVERSION = YES;
				GCC_WARN_ABOUT_RETURN_TYPE = YES_ERROR;
				GCC_WARN_UNDECLARED_SELECTOR = YES;
				GCC_WARN_UNINITIALIZED_AUTOS = YES_AGGRESSIVE;
				GCC_WARN_UNUSED_FUNCTION = YES;
				GCC_WARN_UNUSED_VARIABLE = YES;
				IPHONEOS_DEPLOYMENT_TARGET = 9.3;
				MTL_ENABLE_DEBUG_INFO = NO;
				SDKROOT = iphoneos;
				TARGETED_DEVICE_FAMILY = "1,2";
				VALIDATE_PRODUCT = YES;
			};
			name = Release;
		};
		C21180501CF304290099782B /* Debug */ = {
			isa = XCBuildConfiguration;
			baseConfigurationReference = 2CD58D9DCC04F0A139AF130E /* Pods.debug.xcconfig */;
			buildSettings = {
				ASSETCATALOG_COMPILER_APPICON_NAME = AppIcon;
				GCC_PREFIX_HEADER = "$(SRCROOT)/GD_GoodMom/classes/Helpers/MyHeader.pch";
				INFOPLIST_FILE = GD_GoodMom/Info.plist;
				LD_RUNPATH_SEARCH_PATHS = "$(inherited) @executable_path/Frameworks";
				PRODUCT_BUNDLE_IDENTIFIER = "com.lanou3g.GD-GoodMom";
				PRODUCT_NAME = "$(TARGET_NAME)";
			};
			name = Debug;
		};
		C21180511CF304290099782B /* Release */ = {
			isa = XCBuildConfiguration;
			baseConfigurationReference = F29BC50FA2E1D1882D817085 /* Pods.release.xcconfig */;
			buildSettings = {
				ASSETCATALOG_COMPILER_APPICON_NAME = AppIcon;
				GCC_PREFIX_HEADER = "$(SRCROOT)/GD_GoodMom/classes/Helpers/MyHeader.pch";
				INFOPLIST_FILE = GD_GoodMom/Info.plist;
				LD_RUNPATH_SEARCH_PATHS = "$(inherited) @executable_path/Frameworks";
				PRODUCT_BUNDLE_IDENTIFIER = "com.lanou3g.GD-GoodMom";
				PRODUCT_NAME = "$(TARGET_NAME)";
			};
			name = Release;
		};
/* End XCBuildConfiguration section */

/* Begin XCConfigurationList section */
		C21180331CF304290099782B /* Build configuration list for PBXProject "GD_GoodMom" */ = {
			isa = XCConfigurationList;
			buildConfigurations = (
				C211804D1CF304290099782B /* Debug */,
				C211804E1CF304290099782B /* Release */,
			);
			defaultConfigurationIsVisible = 0;
			defaultConfigurationName = Release;
		};
		C211804F1CF304290099782B /* Build configuration list for PBXNativeTarget "GD_GoodMom" */ = {
			isa = XCConfigurationList;
			buildConfigurations = (
				C21180501CF304290099782B /* Debug */,
				C21180511CF304290099782B /* Release */,
			);
			defaultConfigurationIsVisible = 0;
			defaultConfigurationName = Release;
		};
/* End XCConfigurationList section */
	};
	rootObject = C21180301CF304290099782B /* Project object */;
}
